
Microsoft Visual Studio Solution File, Format Version 12.00
# Visual Studio Version 16
VisualStudioVersion = 16.0.29709.97
MinimumVisualStudioVersion = 10.0.40219.1
Project("{FAE04EC0-301F-11D3-BF4B-00C04F79EFBC}") = "FarmBeatsAccelerator", "FarmBeatsAccelerator\FarmBeatsAccelerator.csproj", "{36C0C2E6-64FD-4341-A39D-449905100A81}"
EndProject
Global
	GlobalSection(SolutionConfigurationPlatforms) = preSolution
		Debug|Any CPU = Debug|Any CPU
		Release|Any CPU = Release|Any CPU
	EndGlobalSection
	GlobalSection(ProjectConfigurationPlatforms) = postSolution
		{36C0C2E6-64FD-4341-A39D-449905100A81}.Debug|Any CPU.ActiveCfg = Debug|Any CPU
		{36C0C2E6-64FD-4341-A39D-449905100A81}.Debug|Any CPU.Build.0 = Debug|Any CPU
		{36C0C2E6-64FD-4341-A39D-449905100A81}.Release|Any CPU.ActiveCfg = Release|Any CPU
		{36C0C2E6-64FD-4341-A39D-449905100A81}.Release|Any CPU.Build.0 = Release|Any CPU
	EndGlobalSection
	GlobalSection(SolutionProperties) = preSolution
		HideSolutionNode = FALSE
	EndGlobalSection
	GlobalSection(ExtensibilityGlobals) = postSolution
		SolutionGuid = {3F0799FA-4D6F-4C64-A0B1-34135D2B4FA5}
	EndGlobalSection
EndGlobal
